<Solution>
  <Project Path="src/Services/Alerts/AgroSolutions.Alerts.API/AgroSolutions.Alerts.API.csproj" Id="a3b19e5d-a2a8-49ff-a99b-52956507f560" />
  <Project Path="src/Services/Identity/AgroSolutions.Identity.Api/AgroSolutions.Identity.Api.csproj" Id="e42c9526-6b2a-46cb-a076-a8621cdf0d02" />
  <Project Path="src/Services/Properties/AgroSolutions.Properties.Api/AgroSolutions.Properties.Api.csproj" Id="15882883-5096-47da-b860-0ed109af8fed" />
  <Project Path="src/Services/Sensors/AgroSolutions.Sensors.Api/AgroSolutions.Sensors.Api.csproj" Id="fda4c5f0-6350-4bed-bbfc-c095fe911214" />
  <Project Path="src/Shared/AgroSolutions.Shared/AgroSolutions.Shared.csproj" Id="49df7846-a259-4a33-a746-31e31bfc8abb" />
</Solution>
